
Microsoft Visual Studio Solution File, Format Version 12.00
# Visual Studio Version 17
VisualStudioVersion = 17.3.32804.467
MinimumVisualStudioVersion = 10.0.40219.1
Project("{FAE04EC0-301F-11D3-BF4B-00C04F79EFBC}") = "XamarinApp.UWP", "XamarinApp\XamarinApp.UWP\XamarinApp.UWP.csproj", "{50192D32-9EB1-418D-842E-72F5EB1CE7F1}"
EndProject
Project("{FAE04EC0-301F-11D3-BF4B-00C04F79EFBC}") = "XamarinApp.Android", "XamarinApp\XamarinApp.Android\XamarinApp.Android.csproj", "{27F5678E-2719-48FA-A802-A3B3612629EE}"
EndProject
Project("{FAE04EC0-301F-11D3-BF4B-00C04F79EFBC}") = "XamarinApp.iOS", "XamarinApp\XamarinApp.iOS\XamarinApp.iOS.csproj", "{F2053705-7445-436F-87C7-8E98A6DCD906}"
EndProject
Project("{9A19103F-16F7-4668-BE54-9A1E7A4F7556}") = "XamarinApp.Views", "XamarinApp\XamarinApp\XamarinApp.Views.csproj", "{222F5BAF-9DDD-4041-94C3-4F32C05F258B}"
EndProject
Project("{2150E333-8FDC-42A3-9474-1A3956D46DE8}") = "Xamarin", "Xamarin", "{250E936A-5BDA-49A1-BA16-89D88FBB3CF3}"
EndProject
Project("{2150E333-8FDC-42A3-9474-1A3956D46DE8}") = "Apps", "Apps", "{3A6AD035-811A-4144-8E00-F19B7964A953}"
EndProject
Project("{2150E333-8FDC-42A3-9474-1A3956D46DE8}") = "Blazor", "Blazor", "{A7E8D2A6-7371-4B14-81E5-BE0FFBA3535B}"
EndProject
Project("{9A19103F-16F7-4668-BE54-9A1E7A4F7556}") = "BlazorApp", "BlazorApp\BlazorApp.csproj", "{4D4953C9-1CB7-4196-8592-735AB0B93FE1}"
EndProject
Project("{2150E333-8FDC-42A3-9474-1A3956D46DE8}") = "Core", "Core", "{34D020E1-BDA1-4BBA-B375-A21DA6135BC0}"
EndProject
Project("{9A19103F-16F7-4668-BE54-9A1E7A4F7556}") = "WebAPI", "WebAPI\WebAPI.csproj", "{FAA72F26-05BA-4C6F-9A2E-23CAF6541FD0}"
EndProject
Project("{2150E333-8FDC-42A3-9474-1A3956D46DE8}") = "APIs", "APIs", "{6D7F2A34-F058-408F-8C43-D06B95A3098B}"
EndProject
Project("{D954291E-2A0B-460D-934E-DC6B0785DB48}") = "SharedAPIModel", "Core\SharedAPIModel\SharedAPIModel.shproj", "{706D38AF-59EC-4383-8E09-8529CBF337D8}"
EndProject
Project("{D954291E-2A0B-460D-934E-DC6B0785DB48}") = "Core.MVVM", "Core\Core.MVVM\Core.MVVM.shproj", "{4C2067F4-752A-4ED6-A586-4FDBE28B3D27}"
EndProject
Project("{D954291E-2A0B-460D-934E-DC6B0785DB48}") = "Core.Lib", "Core\Core.Lib\Core.Lib.shproj", "{2C3F3409-2E77-481E-8523-DB7FDD76F3AC}"
EndProject
Project("{2150E333-8FDC-42A3-9474-1A3956D46DE8}") = "WinForms", "WinForms", "{190B4B7D-C017-40CE-9F74-9792C75E6B7C}"
EndProject
Project("{9A19103F-16F7-4668-BE54-9A1E7A4F7556}") = "WinFormsApp", "WinFormsApp\WinFormsApp.csproj", "{FFDAC009-7660-4C2D-AAB8-82D667D5BB5A}"
EndProject
Project("{2150E333-8FDC-42A3-9474-1A3956D46DE8}") = "Package", "Package", "{CE7A04A3-E639-4DD7-9F93-6D62235D3C2C}"
EndProject
Project("{2150E333-8FDC-42A3-9474-1A3956D46DE8}") = "Core", "Core", "{8AB5D435-3823-42BD-BAB7-D24A3CE409BF}"
EndProject
Project("{FAE04EC0-301F-11D3-BF4B-00C04F79EFBC}") = "Core.Lib", "Package\Core\Core.Lib\Core.Lib.csproj", "{5CB7652E-FD01-4A40-BF5C-4E4BFF966208}"
EndProject
Project("{FAE04EC0-301F-11D3-BF4B-00C04F79EFBC}") = "Core.MVVM", "Package\Core\Core.MVVM\Core.MVVM.csproj", "{C97EEE73-C434-48E2-A24B-A9644163603B}"
EndProject
Project("{FAE04EC0-301F-11D3-BF4B-00C04F79EFBC}") = "SharedAPIModel", "Package\Core\SharedAPIModel\SharedAPIModel.csproj", "{A8580CCC-29CA-4203-9F05-90FC9C75B4A1}"
EndProject
Project("{2150E333-8FDC-42A3-9474-1A3956D46DE8}") = "Client", "Client", "{B9C33D50-13BC-4FF2-8F16-AB3A702B32B8}"
EndProject
Project("{2150E333-8FDC-42A3-9474-1A3956D46DE8}") = "MAUI", "MAUI", "{63AC4A09-1C31-4B33-9A5A-7DEBBA89D54C}"
EndProject
Project("{FAE04EC0-301F-11D3-BF4B-00C04F79EFBC}") = "MAUIApp", "Package\Client\MAUIApp\MAUIApp.csproj", "{AEE0F574-FD2A-4D48-BF14-BCEF67447E45}"
EndProject
Global
	GlobalSection(SolutionConfigurationPlatforms) = preSolution
		Debug|Any CPU = Debug|Any CPU
		Debug|ARM = Debug|ARM
		Debug|iPhone = Debug|iPhone
		Debug|iPhoneSimulator = Debug|iPhoneSimulator
		Debug|x64 = Debug|x64
		Debug|x86 = Debug|x86
		Release|Any CPU = Release|Any CPU
		Release|ARM = Release|ARM
		Release|iPhone = Release|iPhone
		Release|iPhoneSimulator = Release|iPhoneSimulator
		Release|x64 = Release|x64
		Release|x86 = Release|x86
	EndGlobalSection
	GlobalSection(ProjectConfigurationPlatforms) = postSolution
		{50192D32-9EB1-418D-842E-72F5EB1CE7F1}.Debug|Any CPU.ActiveCfg = Debug|x86
		{50192D32-9EB1-418D-842E-72F5EB1CE7F1}.Debug|ARM.ActiveCfg = Debug|ARM
		{50192D32-9EB1-418D-842E-72F5EB1CE7F1}.Debug|ARM.Build.0 = Debug|ARM
		{50192D32-9EB1-418D-842E-72F5EB1CE7F1}.Debug|ARM.Deploy.0 = Debug|ARM
		{50192D32-9EB1-418D-842E-72F5EB1CE7F1}.Debug|iPhone.ActiveCfg = Debug|x86
		{50192D32-9EB1-418D-842E-72F5EB1CE7F1}.Debug|iPhoneSimulator.ActiveCfg = Debug|x86
		{50192D32-9EB1-418D-842E-72F5EB1CE7F1}.Debug|x64.ActiveCfg = Debug|x64
		{50192D32-9EB1-418D-842E-72F5EB1CE7F1}.Debug|x64.Build.0 = Debug|x64
		{50192D32-9EB1-418D-842E-72F5EB1CE7F1}.Debug|x64.Deploy.0 = Debug|x64
		{50192D32-9EB1-418D-842E-72F5EB1CE7F1}.Debug|x86.ActiveCfg = Debug|x86
		{50192D32-9EB1-418D-842E-72F5EB1CE7F1}.Debug|x86.Build.0 = Debug|x86
		{50192D32-9EB1-418D-842E-72F5EB1CE7F1}.Debug|x86.Deploy.0 = Debug|x86
		{50192D32-9EB1-418D-842E-72F5EB1CE7F1}.Release|Any CPU.ActiveCfg = Release|x86
		{50192D32-9EB1-418D-842E-72F5EB1CE7F1}.Release|ARM.ActiveCfg = Release|ARM
		{50192D32-9EB1-418D-842E-72F5EB1CE7F1}.Release|ARM.Build.0 = Release|ARM
		{50192D32-9EB1-418D-842E-72F5EB1CE7F1}.Release|ARM.Deploy.0 = Release|ARM
		{50192D32-9EB1-418D-842E-72F5EB1CE7F1}.Release|iPhone.ActiveCfg = Release|x86
		{50192D32-9EB1-418D-842E-72F5EB1CE7F1}.Release|iPhoneSimulator.ActiveCfg = Release|x86
		{50192D32-9EB1-418D-842E-72F5EB1CE7F1}.Release|x64.ActiveCfg = Release|x64
		{50192D32-9EB1-418D-842E-72F5EB1CE7F1}.Release|x64.Build.0 = Release|x64
		{50192D32-9EB1-418D-842E-72F5EB1CE7F1}.Release|x64.Deploy.0 = Release|x64
		{50192D32-9EB1-418D-842E-72F5EB1CE7F1}.Release|x86.ActiveCfg = Release|x86
		{50192D32-9EB1-418D-842E-72F5EB1CE7F1}.Release|x86.Build.0 = Release|x86
		{50192D32-9EB1-418D-842E-72F5EB1CE7F1}.Release|x86.Deploy.0 = Release|x86
		{27F5678E-2719-48FA-A802-A3B3612629EE}.Debug|Any CPU.ActiveCfg = Debug|Any CPU
		{27F5678E-2719-48FA-A802-A3B3612629EE}.Debug|Any CPU.Build.0 = Debug|Any CPU
		{27F5678E-2719-48FA-A802-A3B3612629EE}.Debug|Any CPU.Deploy.0 = Debug|Any CPU
		{27F5678E-2719-48FA-A802-A3B3612629EE}.Debug|ARM.ActiveCfg = Debug|Any CPU
		{27F5678E-2719-48FA-A802-A3B3612629EE}.Debug|ARM.Build.0 = Debug|Any CPU
		{27F5678E-2719-48FA-A802-A3B3612629EE}.Debug|ARM.Deploy.0 = Debug|Any CPU
		{27F5678E-2719-48FA-A802-A3B3612629EE}.Debug|iPhone.ActiveCfg = Debug|Any CPU
		{27F5678E-2719-48FA-A802-A3B3612629EE}.Debug|iPhone.Build.0 = Debug|Any CPU
		{27F5678E-2719-48FA-A802-A3B3612629EE}.Debug|iPhone.Deploy.0 = Debug|Any CPU
		{27F5678E-2719-48FA-A802-A3B3612629EE}.Debug|iPhoneSimulator.ActiveCfg = Debug|Any CPU
		{27F5678E-2719-48FA-A802-A3B3612629EE}.Debug|iPhoneSimulator.Build.0 = Debug|Any CPU
		{27F5678E-2719-48FA-A802-A3B3612629EE}.Debug|iPhoneSimulator.Deploy.0 = Debug|Any CPU
		{27F5678E-2719-48FA-A802-A3B3612629EE}.Debug|x64.ActiveCfg = Debug|Any CPU
		{27F5678E-2719-48FA-A802-A3B3612629EE}.Debug|x64.Build.0 = Debug|Any CPU
		{27F5678E-2719-48FA-A802-A3B3612629EE}.Debug|x64.Deploy.0 = Debug|Any CPU
		{27F5678E-2719-48FA-A802-A3B3612629EE}.Debug|x86.ActiveCfg = Debug|Any CPU
		{27F5678E-2719-48FA-A802-A3B3612629EE}.Debug|x86.Build.0 = Debug|Any CPU
		{27F5678E-2719-48FA-A802-A3B3612629EE}.Debug|x86.Deploy.0 = Debug|Any CPU
		{27F5678E-2719-48FA-A802-A3B3612629EE}.Release|Any CPU.ActiveCfg = Release|Any CPU
		{27F5678E-2719-48FA-A802-A3B3612629EE}.Release|Any CPU.Build.0 = Release|Any CPU
		{27F5678E-2719-48FA-A802-A3B3612629EE}.Release|Any CPU.Deploy.0 = Release|Any CPU
		{27F5678E-2719-48FA-A802-A3B3612629EE}.Release|ARM.ActiveCfg = Release|Any CPU
		{27F5678E-2719-48FA-A802-A3B3612629EE}.Release|ARM.Build.0 = Release|Any CPU
		{27F5678E-2719-48FA-A802-A3B3612629EE}.Release|ARM.Deploy.0 = Release|Any CPU
		{27F5678E-2719-48FA-A802-A3B3612629EE}.Release|iPhone.ActiveCfg = Release|Any CPU
		{27F5678E-2719-48FA-A802-A3B3612629EE}.Release|iPhone.Build.0 = Release|Any CPU
		{27F5678E-2719-48FA-A802-A3B3612629EE}.Release|iPhone.Deploy.0 = Release|Any CPU
		{27F5678E-2719-48FA-A802-A3B3612629EE}.Release|iPhoneSimulator.ActiveCfg = Release|Any CPU
		{27F5678E-2719-48FA-A802-A3B3612629EE}.Release|iPhoneSimulator.Build.0 = Release|Any CPU
		{27F5678E-2719-48FA-A802-A3B3612629EE}.Release|iPhoneSimulator.Deploy.0 = Release|Any CPU
		{27F5678E-2719-48FA-A802-A3B3612629EE}.Release|x64.ActiveCfg = Release|Any CPU
		{27F5678E-2719-48FA-A802-A3B3612629EE}.Release|x64.Build.0 = Release|Any CPU
		{27F5678E-2719-48FA-A802-A3B3612629EE}.Release|x64.Deploy.0 = Release|Any CPU
		{27F5678E-2719-48FA-A802-A3B3612629EE}.Release|x86.ActiveCfg = Release|Any CPU
		{27F5678E-2719-48FA-A802-A3B3612629EE}.Release|x86.Build.0 = Release|Any CPU
		{27F5678E-2719-48FA-A802-A3B3612629EE}.Release|x86.Deploy.0 = Release|Any CPU
		{F2053705-7445-436F-87C7-8E98A6DCD906}.Debug|Any CPU.ActiveCfg = Debug|iPhone
		{F2053705-7445-436F-87C7-8E98A6DCD906}.Debug|ARM.ActiveCfg = Debug|iPhone
		{F2053705-7445-436F-87C7-8E98A6DCD906}.Debug|iPhone.ActiveCfg = Debug|iPhone
		{F2053705-7445-436F-87C7-8E98A6DCD906}.Debug|iPhone.Build.0 = Debug|iPhone
		{F2053705-7445-436F-87C7-8E98A6DCD906}.Debug|iPhone.Deploy.0 = Debug|iPhone
		{F2053705-7445-436F-87C7-8E98A6DCD906}.Debug|iPhoneSimulator.ActiveCfg = Debug|iPhoneSimulator
		{F2053705-7445-436F-87C7-8E98A6DCD906}.Debug|iPhoneSimulator.Build.0 = Debug|iPhoneSimulator
		{F2053705-7445-436F-87C7-8E98A6DCD906}.Debug|x64.ActiveCfg = Debug|iPhone
		{F2053705-7445-436F-87C7-8E98A6DCD906}.Debug|x86.ActiveCfg = Debug|iPhone
		{F2053705-7445-436F-87C7-8E98A6DCD906}.Release|Any CPU.ActiveCfg = Release|iPhone
		{F2053705-7445-436F-87C7-8E98A6DCD906}.Release|ARM.ActiveCfg = Release|iPhone
		{F2053705-7445-436F-87C7-8E98A6DCD906}.Release|iPhone.ActiveCfg = Release|iPhone
		{F2053705-7445-436F-87C7-8E98A6DCD906}.Release|iPhone.Build.0 = Release|iPhone
		{F2053705-7445-436F-87C7-8E98A6DCD906}.Release|iPhoneSimulator.ActiveCfg = Release|iPhoneSimulator
		{F2053705-7445-436F-87C7-8E98A6DCD906}.Release|iPhoneSimulator.Build.0 = Release|iPhoneSimulator
		{F2053705-7445-436F-87C7-8E98A6DCD906}.Release|x64.ActiveCfg = Release|iPhone
		{F2053705-7445-436F-87C7-8E98A6DCD906}.Release|x86.ActiveCfg = Release|iPhone
		{222F5BAF-9DDD-4041-94C3-4F32C05F258B}.Debug|Any CPU.ActiveCfg = Debug|Any CPU
		{222F5BAF-9DDD-4041-94C3-4F32C05F258B}.Debug|Any CPU.Build.0 = Debug|Any CPU
		{222F5BAF-9DDD-4041-94C3-4F32C05F258B}.Debug|ARM.ActiveCfg = Debug|Any CPU
		{222F5BAF-9DDD-4041-94C3-4F32C05F258B}.Debug|ARM.Build.0 = Debug|Any CPU
		{222F5BAF-9DDD-4041-94C3-4F32C05F258B}.Debug|iPhone.ActiveCfg = Debug|Any CPU
		{222F5BAF-9DDD-4041-94C3-4F32C05F258B}.Debug|iPhone.Build.0 = Debug|Any CPU
		{222F5BAF-9DDD-4041-94C3-4F32C05F258B}.Debug|iPhoneSimulator.ActiveCfg = Debug|Any CPU
		{222F5BAF-9DDD-4041-94C3-4F32C05F258B}.Debug|iPhoneSimulator.Build.0 = Debug|Any CPU
		{222F5BAF-9DDD-4041-94C3-4F32C05F258B}.Debug|x64.ActiveCfg = Debug|Any CPU
		{222F5BAF-9DDD-4041-94C3-4F32C05F258B}.Debug|x64.Build.0 = Debug|Any CPU
		{222F5BAF-9DDD-4041-94C3-4F32C05F258B}.Debug|x86.ActiveCfg = Debug|Any CPU
		{222F5BAF-9DDD-4041-94C3-4F32C05F258B}.Debug|x86.Build.0 = Debug|Any CPU
		{222F5BAF-9DDD-4041-94C3-4F32C05F258B}.Release|Any CPU.ActiveCfg = Release|Any CPU
		{222F5BAF-9DDD-4041-94C3-4F32C05F258B}.Release|Any CPU.Build.0 = Release|Any CPU
		{222F5BAF-9DDD-4041-94C3-4F32C05F258B}.Release|ARM.ActiveCfg = Release|Any CPU
		{222F5BAF-9DDD-4041-94C3-4F32C05F258B}.Release|ARM.Build.0 = Release|Any CPU
		{222F5BAF-9DDD-4041-94C3-4F32C05F258B}.Release|iPhone.ActiveCfg = Release|Any CPU
		{222F5BAF-9DDD-4041-94C3-4F32C05F258B}.Release|iPhone.Build.0 = Release|Any CPU
		{222F5BAF-9DDD-4041-94C3-4F32C05F258B}.Release|iPhoneSimulator.ActiveCfg = Release|Any CPU
		{222F5BAF-9DDD-4041-94C3-4F32C05F258B}.Release|iPhoneSimulator.Build.0 = Release|Any CPU
		{222F5BAF-9DDD-4041-94C3-4F32C05F258B}.Release|x64.ActiveCfg = Release|Any CPU
		{222F5BAF-9DDD-4041-94C3-4F32C05F258B}.Release|x64.Build.0 = Release|Any CPU
		{222F5BAF-9DDD-4041-94C3-4F32C05F258B}.Release|x86.ActiveCfg = Release|Any CPU
		{222F5BAF-9DDD-4041-94C3-4F32C05F258B}.Release|x86.Build.0 = Release|Any CPU
		{4D4953C9-1CB7-4196-8592-735AB0B93FE1}.Debug|Any CPU.ActiveCfg = Debug|Any CPU
		{4D4953C9-1CB7-4196-8592-735AB0B93FE1}.Debug|Any CPU.Build.0 = Debug|Any CPU
		{4D4953C9-1CB7-4196-8592-735AB0B93FE1}.Debug|ARM.ActiveCfg = Debug|Any CPU
		{4D4953C9-1CB7-4196-8592-735AB0B93FE1}.Debug|ARM.Build.0 = Debug|Any CPU
		{4D4953C9-1CB7-4196-8592-735AB0B93FE1}.Debug|iPhone.ActiveCfg = Debug|Any CPU
		{4D4953C9-1CB7-4196-8592-735AB0B93FE1}.Debug|iPhone.Build.0 = Debug|Any CPU
		{4D4953C9-1CB7-4196-8592-735AB0B93FE1}.Debug|iPhoneSimulator.ActiveCfg = Debug|Any CPU
		{4D4953C9-1CB7-4196-8592-735AB0B93FE1}.Debug|iPhoneSimulator.Build.0 = Debug|Any CPU
		{4D4953C9-1CB7-4196-8592-735AB0B93FE1}.Debug|x64.ActiveCfg = Debug|Any CPU
		{4D4953C9-1CB7-4196-8592-735AB0B93FE1}.Debug|x64.Build.0 = Debug|Any CPU
		{4D4953C9-1CB7-4196-8592-735AB0B93FE1}.Debug|x86.ActiveCfg = Debug|Any CPU
		{4D4953C9-1CB7-4196-8592-735AB0B93FE1}.Debug|x86.Build.0 = Debug|Any CPU
		{4D4953C9-1CB7-4196-8592-735AB0B93FE1}.Release|Any CPU.ActiveCfg = Release|Any CPU
		{4D4953C9-1CB7-4196-8592-735AB0B93FE1}.Release|Any CPU.Build.0 = Release|Any CPU
		{4D4953C9-1CB7-4196-8592-735AB0B93FE1}.Release|ARM.ActiveCfg = Release|Any CPU
		{4D4953C9-1CB7-4196-8592-735AB0B93FE1}.Release|ARM.Build.0 = Release|Any CPU
		{4D4953C9-1CB7-4196-8592-735AB0B93FE1}.Release|iPhone.ActiveCfg = Release|Any CPU
		{4D4953C9-1CB7-4196-8592-735AB0B93FE1}.Release|iPhone.Build.0 = Release|Any CPU
		{4D4953C9-1CB7-4196-8592-735AB0B93FE1}.Release|iPhoneSimulator.ActiveCfg = Release|Any CPU
		{4D4953C9-1CB7-4196-8592-735AB0B93FE1}.Release|iPhoneSimulator.Build.0 = Release|Any CPU
		{4D4953C9-1CB7-4196-8592-735AB0B93FE1}.Release|x64.ActiveCfg = Release|Any CPU
		{4D4953C9-1CB7-4196-8592-735AB0B93FE1}.Release|x64.Build.0 = Release|Any CPU
		{4D4953C9-1CB7-4196-8592-735AB0B93FE1}.Release|x86.ActiveCfg = Release|Any CPU
		{4D4953C9-1CB7-4196-8592-735AB0B93FE1}.Release|x86.Build.0 = Release|Any CPU
		{FAA72F26-05BA-4C6F-9A2E-23CAF6541FD0}.Debug|Any CPU.ActiveCfg = Debug|Any CPU
		{FAA72F26-05BA-4C6F-9A2E-23CAF6541FD0}.Debug|Any CPU.Build.0 = Debug|Any CPU
		{FAA72F26-05BA-4C6F-9A2E-23CAF6541FD0}.Debug|ARM.ActiveCfg = Debug|Any CPU
		{FAA72F26-05BA-4C6F-9A2E-23CAF6541FD0}.Debug|ARM.Build.0 = Debug|Any CPU
		{FAA72F26-05BA-4C6F-9A2E-23CAF6541FD0}.Debug|iPhone.ActiveCfg = Debug|Any CPU
		{FAA72F26-05BA-4C6F-9A2E-23CAF6541FD0}.Debug|iPhone.Build.0 = Debug|Any CPU
		{FAA72F26-05BA-4C6F-9A2E-23CAF6541FD0}.Debug|iPhoneSimulator.ActiveCfg = Debug|Any CPU
		{FAA72F26-05BA-4C6F-9A2E-23CAF6541FD0}.Debug|iPhoneSimulator.Build.0 = Debug|Any CPU
		{FAA72F26-05BA-4C6F-9A2E-23CAF6541FD0}.Debug|x64.ActiveCfg = Debug|Any CPU
		{FAA72F26-05BA-4C6F-9A2E-23CAF6541FD0}.Debug|x64.Build.0 = Debug|Any CPU
		{FAA72F26-05BA-4C6F-9A2E-23CAF6541FD0}.Debug|x86.ActiveCfg = Debug|Any CPU
		{FAA72F26-05BA-4C6F-9A2E-23CAF6541FD0}.Debug|x86.Build.0 = Debug|Any CPU
		{FAA72F26-05BA-4C6F-9A2E-23CAF6541FD0}.Release|Any CPU.ActiveCfg = Release|Any CPU
		{FAA72F26-05BA-4C6F-9A2E-23CAF6541FD0}.Release|Any CPU.Build.0 = Release|Any CPU
		{FAA72F26-05BA-4C6F-9A2E-23CAF6541FD0}.Release|ARM.ActiveCfg = Release|Any CPU
		{FAA72F26-05BA-4C6F-9A2E-23CAF6541FD0}.Release|ARM.Build.0 = Release|Any CPU
		{FAA72F26-05BA-4C6F-9A2E-23CAF6541FD0}.Release|iPhone.ActiveCfg = Release|Any CPU
		{FAA72F26-05BA-4C6F-9A2E-23CAF6541FD0}.Release|iPhone.Build.0 = Release|Any CPU
		{FAA72F26-05BA-4C6F-9A2E-23CAF6541FD0}.Release|iPhoneSimulator.ActiveCfg = Release|Any CPU
		{FAA72F26-05BA-4C6F-9A2E-23CAF6541FD0}.Release|iPhoneSimulator.Build.0 = Release|Any CPU
		{FAA72F26-05BA-4C6F-9A2E-23CAF6541FD0}.Release|x64.ActiveCfg = Release|Any CPU
		{FAA72F26-05BA-4C6F-9A2E-23CAF6541FD0}.Release|x64.Build.0 = Release|Any CPU
		{FAA72F26-05BA-4C6F-9A2E-23CAF6541FD0}.Release|x86.ActiveCfg = Release|Any CPU
		{FAA72F26-05BA-4C6F-9A2E-23CAF6541FD0}.Release|x86.Build.0 = Release|Any CPU
		{FFDAC009-7660-4C2D-AAB8-82D667D5BB5A}.Debug|Any CPU.ActiveCfg = Debug|Any CPU
		{FFDAC009-7660-4C2D-AAB8-82D667D5BB5A}.Debug|Any CPU.Build.0 = Debug|Any CPU
		{FFDAC009-7660-4C2D-AAB8-82D667D5BB5A}.Debug|ARM.ActiveCfg = Debug|Any CPU
		{FFDAC009-7660-4C2D-AAB8-82D667D5BB5A}.Debug|ARM.Build.0 = Debug|Any CPU
		{FFDAC009-7660-4C2D-AAB8-82D667D5BB5A}.Debug|iPhone.ActiveCfg = Debug|Any CPU
		{FFDAC009-7660-4C2D-AAB8-82D667D5BB5A}.Debug|iPhone.Build.0 = Debug|Any CPU
		{FFDAC009-7660-4C2D-AAB8-82D667D5BB5A}.Debug|iPhoneSimulator.ActiveCfg = Debug|Any CPU
		{FFDAC009-7660-4C2D-AAB8-82D667D5BB5A}.Debug|iPhoneSimulator.Build.0 = Debug|Any CPU
		{FFDAC009-7660-4C2D-AAB8-82D667D5BB5A}.Debug|x64.ActiveCfg = Debug|Any CPU
		{FFDAC009-7660-4C2D-AAB8-82D667D5BB5A}.Debug|x64.Build.0 = Debug|Any CPU
		{FFDAC009-7660-4C2D-AAB8-82D667D5BB5A}.Debug|x86.ActiveCfg = Debug|Any CPU
		{FFDAC009-7660-4C2D-AAB8-82D667D5BB5A}.Debug|x86.Build.0 = Debug|Any CPU
		{FFDAC009-7660-4C2D-AAB8-82D667D5BB5A}.Release|Any CPU.ActiveCfg = Release|Any CPU
		{FFDAC009-7660-4C2D-AAB8-82D667D5BB5A}.Release|Any CPU.Build.0 = Release|Any CPU
		{FFDAC009-7660-4C2D-AAB8-82D667D5BB5A}.Release|ARM.ActiveCfg = Release|Any CPU
		{FFDAC009-7660-4C2D-AAB8-82D667D5BB5A}.Release|ARM.Build.0 = Release|Any CPU
		{FFDAC009-7660-4C2D-AAB8-82D667D5BB5A}.Release|iPhone.ActiveCfg = Release|Any CPU
		{FFDAC009-7660-4C2D-AAB8-82D667D5BB5A}.Release|iPhone.Build.0 = Release|Any CPU
		{FFDAC009-7660-4C2D-AAB8-82D667D5BB5A}.Release|iPhoneSimulator.ActiveCfg = Release|Any CPU
		{FFDAC009-7660-4C2D-AAB8-82D667D5BB5A}.Release|iPhoneSimulator.Build.0 = Release|Any CPU
		{FFDAC009-7660-4C2D-AAB8-82D667D5BB5A}.Release|x64.ActiveCfg = Release|Any CPU
		{FFDAC009-7660-4C2D-AAB8-82D667D5BB5A}.Release|x64.Build.0 = Release|Any CPU
		{FFDAC009-7660-4C2D-AAB8-82D667D5BB5A}.Release|x86.ActiveCfg = Release|Any CPU
		{FFDAC009-7660-4C2D-AAB8-82D667D5BB5A}.Release|x86.Build.0 = Release|Any CPU
		{5CB7652E-FD01-4A40-BF5C-4E4BFF966208}.Debug|Any CPU.ActiveCfg = Debug|Any CPU
		{5CB7652E-FD01-4A40-BF5C-4E4BFF966208}.Debug|Any CPU.Build.0 = Debug|Any CPU
		{5CB7652E-FD01-4A40-BF5C-4E4BFF966208}.Debug|ARM.ActiveCfg = Debug|Any CPU
		{5CB7652E-FD01-4A40-BF5C-4E4BFF966208}.Debug|ARM.Build.0 = Debug|Any CPU
		{5CB7652E-FD01-4A40-BF5C-4E4BFF966208}.Debug|iPhone.ActiveCfg = Debug|Any CPU
		{5CB7652E-FD01-4A40-BF5C-4E4BFF966208}.Debug|iPhone.Build.0 = Debug|Any CPU
		{5CB7652E-FD01-4A40-BF5C-4E4BFF966208}.Debug|iPhoneSimulator.ActiveCfg = Debug|Any CPU
		{5CB7652E-FD01-4A40-BF5C-4E4BFF966208}.Debug|iPhoneSimulator.Build.0 = Debug|Any CPU
		{5CB7652E-FD01-4A40-BF5C-4E4BFF966208}.Debug|x64.ActiveCfg = Debug|Any CPU
		{5CB7652E-FD01-4A40-BF5C-4E4BFF966208}.Debug|x64.Build.0 = Debug|Any CPU
		{5CB7652E-FD01-4A40-BF5C-4E4BFF966208}.Debug|x86.ActiveCfg = Debug|Any CPU
		{5CB7652E-FD01-4A40-BF5C-4E4BFF966208}.Debug|x86.Build.0 = Debug|Any CPU
		{5CB7652E-FD01-4A40-BF5C-4E4BFF966208}.Release|Any CPU.ActiveCfg = Release|Any CPU
		{5CB7652E-FD01-4A40-BF5C-4E4BFF966208}.Release|Any CPU.Build.0 = Release|Any CPU
		{5CB7652E-FD01-4A40-BF5C-4E4BFF966208}.Release|ARM.ActiveCfg = Release|Any CPU
		{5CB7652E-FD01-4A40-BF5C-4E4BFF966208}.Release|ARM.Build.0 = Release|Any CPU
		{5CB7652E-FD01-4A40-BF5C-4E4BFF966208}.Release|iPhone.ActiveCfg = Release|Any CPU
		{5CB7652E-FD01-4A40-BF5C-4E4BFF966208}.Release|iPhone.Build.0 = Release|Any CPU
		{5CB7652E-FD01-4A40-BF5C-4E4BFF966208}.Release|iPhoneSimulator.ActiveCfg = Release|Any CPU
		{5CB7652E-FD01-4A40-BF5C-4E4BFF966208}.Release|iPhoneSimulator.Build.0 = Release|Any CPU
		{5CB7652E-FD01-4A40-BF5C-4E4BFF966208}.Release|x64.ActiveCfg = Release|Any CPU
		{5CB7652E-FD01-4A40-BF5C-4E4BFF966208}.Release|x64.Build.0 = Release|Any CPU
		{5CB7652E-FD01-4A40-BF5C-4E4BFF966208}.Release|x86.ActiveCfg = Release|Any CPU
		{5CB7652E-FD01-4A40-BF5C-4E4BFF966208}.Release|x86.Build.0 = Release|Any CPU
		{C97EEE73-C434-48E2-A24B-A9644163603B}.Debug|Any CPU.ActiveCfg = Debug|Any CPU
		{C97EEE73-C434-48E2-A24B-A9644163603B}.Debug|Any CPU.Build.0 = Debug|Any CPU
		{C97EEE73-C434-48E2-A24B-A9644163603B}.Debug|ARM.ActiveCfg = Debug|Any CPU
		{C97EEE73-C434-48E2-A24B-A9644163603B}.Debug|ARM.Build.0 = Debug|Any CPU
		{C97EEE73-C434-48E2-A24B-A9644163603B}.Debug|iPhone.ActiveCfg = Debug|Any CPU
		{C97EEE73-C434-48E2-A24B-A9644163603B}.Debug|iPhone.Build.0 = Debug|Any CPU
		{C97EEE73-C434-48E2-A24B-A9644163603B}.Debug|iPhoneSimulator.ActiveCfg = Debug|Any CPU
		{C97EEE73-C434-48E2-A24B-A9644163603B}.Debug|iPhoneSimulator.Build.0 = Debug|Any CPU
		{C97EEE73-C434-48E2-A24B-A9644163603B}.Debug|x64.ActiveCfg = Debug|Any CPU
		{C97EEE73-C434-48E2-A24B-A9644163603B}.Debug|x64.Build.0 = Debug|Any CPU
		{C97EEE73-C434-48E2-A24B-A9644163603B}.Debug|x86.ActiveCfg = Debug|Any CPU
		{C97EEE73-C434-48E2-A24B-A9644163603B}.Debug|x86.Build.0 = Debug|Any CPU
		{C97EEE73-C434-48E2-A24B-A9644163603B}.Release|Any CPU.ActiveCfg = Release|Any CPU
		{C97EEE73-C434-48E2-A24B-A9644163603B}.Release|Any CPU.Build.0 = Release|Any CPU
		{C97EEE73-C434-48E2-A24B-A9644163603B}.Release|ARM.ActiveCfg = Release|Any CPU
		{C97EEE73-C434-48E2-A24B-A9644163603B}.Release|ARM.Build.0 = Release|Any CPU
		{C97EEE73-C434-48E2-A24B-A9644163603B}.Release|iPhone.ActiveCfg = Release|Any CPU
		{C97EEE73-C434-48E2-A24B-A9644163603B}.Release|iPhone.Build.0 = Release|Any CPU
		{C97EEE73-C434-48E2-A24B-A9644163603B}.Release|iPhoneSimulator.ActiveCfg = Release|Any CPU
		{C97EEE73-C434-48E2-A24B-A9644163603B}.Release|iPhoneSimulator.Build.0 = Release|Any CPU
		{C97EEE73-C434-48E2-A24B-A9644163603B}.Release|x64.ActiveCfg = Release|Any CPU
		{C97EEE73-C434-48E2-A24B-A9644163603B}.Release|x64.Build.0 = Release|Any CPU
		{C97EEE73-C434-48E2-A24B-A9644163603B}.Release|x86.ActiveCfg = Release|Any CPU
		{C97EEE73-C434-48E2-A24B-A9644163603B}.Release|x86.Build.0 = Release|Any CPU
		{A8580CCC-29CA-4203-9F05-90FC9C75B4A1}.Debug|Any CPU.ActiveCfg = Debug|Any CPU
		{A8580CCC-29CA-4203-9F05-90FC9C75B4A1}.Debug|Any CPU.Build.0 = Debug|Any CPU
		{A8580CCC-29CA-4203-9F05-90FC9C75B4A1}.Debug|ARM.ActiveCfg = Debug|Any CPU
		{A8580CCC-29CA-4203-9F05-90FC9C75B4A1}.Debug|ARM.Build.0 = Debug|Any CPU
		{A8580CCC-29CA-4203-9F05-90FC9C75B4A1}.Debug|iPhone.ActiveCfg = Debug|Any CPU
		{A8580CCC-29CA-4203-9F05-90FC9C75B4A1}.Debug|iPhone.Build.0 = Debug|Any CPU
		{A8580CCC-29CA-4203-9F05-90FC9C75B4A1}.Debug|iPhoneSimulator.ActiveCfg = Debug|Any CPU
		{A8580CCC-29CA-4203-9F05-90FC9C75B4A1}.Debug|iPhoneSimulator.Build.0 = Debug|Any CPU
		{A8580CCC-29CA-4203-9F05-90FC9C75B4A1}.Debug|x64.ActiveCfg = Debug|Any CPU
		{A8580CCC-29CA-4203-9F05-90FC9C75B4A1}.Debug|x64.Build.0 = Debug|Any CPU
		{A8580CCC-29CA-4203-9F05-90FC9C75B4A1}.Debug|x86.ActiveCfg = Debug|Any CPU
		{A8580CCC-29CA-4203-9F05-90FC9C75B4A1}.Debug|x86.Build.0 = Debug|Any CPU
		{A8580CCC-29CA-4203-9F05-90FC9C75B4A1}.Release|Any CPU.ActiveCfg = Release|Any CPU
		{A8580CCC-29CA-4203-9F05-90FC9C75B4A1}.Release|Any CPU.Build.0 = Release|Any CPU
		{A8580CCC-29CA-4203-9F05-90FC9C75B4A1}.Release|ARM.ActiveCfg = Release|Any CPU
		{A8580CCC-29CA-4203-9F05-90FC9C75B4A1}.Release|ARM.Build.0 = Release|Any CPU
		{A8580CCC-29CA-4203-9F05-90FC9C75B4A1}.Release|iPhone.ActiveCfg = Release|Any CPU
		{A8580CCC-29CA-4203-9F05-90FC9C75B4A1}.Release|iPhone.Build.0 = Release|Any CPU
		{A8580CCC-29CA-4203-9F05-90FC9C75B4A1}.Release|iPhoneSimulator.ActiveCfg = Release|Any CPU
		{A8580CCC-29CA-4203-9F05-90FC9C75B4A1}.Release|iPhoneSimulator.Build.0 = Release|Any CPU
		{A8580CCC-29CA-4203-9F05-90FC9C75B4A1}.Release|x64.ActiveCfg = Release|Any CPU
		{A8580CCC-29CA-4203-9F05-90FC9C75B4A1}.Release|x64.Build.0 = Release|Any CPU
		{A8580CCC-29CA-4203-9F05-90FC9C75B4A1}.Release|x86.ActiveCfg = Release|Any CPU
		{A8580CCC-29CA-4203-9F05-90FC9C75B4A1}.Release|x86.Build.0 = Release|Any CPU
		{AEE0F574-FD2A-4D48-BF14-BCEF67447E45}.Debug|Any CPU.ActiveCfg = Debug|Any CPU
		{AEE0F574-FD2A-4D48-BF14-BCEF67447E45}.Debug|Any CPU.Build.0 = Debug|Any CPU
		{AEE0F574-FD2A-4D48-BF14-BCEF67447E45}.Debug|Any CPU.Deploy.0 = Debug|Any CPU
		{AEE0F574-FD2A-4D48-BF14-BCEF67447E45}.Debug|ARM.ActiveCfg = Debug|Any CPU
		{AEE0F574-FD2A-4D48-BF14-BCEF67447E45}.Debug|ARM.Build.0 = Debug|Any CPU
		{AEE0F574-FD2A-4D48-BF14-BCEF67447E45}.Debug|ARM.Deploy.0 = Debug|Any CPU
		{AEE0F574-FD2A-4D48-BF14-BCEF67447E45}.Debug|iPhone.ActiveCfg = Debug|Any CPU
		{AEE0F574-FD2A-4D48-BF14-BCEF67447E45}.Debug|iPhone.Build.0 = Debug|Any CPU
		{AEE0F574-FD2A-4D48-BF14-BCEF67447E45}.Debug|iPhone.Deploy.0 = Debug|Any CPU
		{AEE0F574-FD2A-4D48-BF14-BCEF67447E45}.Debug|iPhoneSimulator.ActiveCfg = Debug|Any CPU
		{AEE0F574-FD2A-4D48-BF14-BCEF67447E45}.Debug|iPhoneSimulator.Build.0 = Debug|Any CPU
		{AEE0F574-FD2A-4D48-BF14-BCEF67447E45}.Debug|iPhoneSimulator.Deploy.0 = Debug|Any CPU
		{AEE0F574-FD2A-4D48-BF14-BCEF67447E45}.Debug|x64.ActiveCfg = Debug|Any CPU
		{AEE0F574-FD2A-4D48-BF14-BCEF67447E45}.Debug|x64.Build.0 = Debug|Any CPU
		{AEE0F574-FD2A-4D48-BF14-BCEF67447E45}.Debug|x64.Deploy.0 = Debug|Any CPU
		{AEE0F574-FD2A-4D48-BF14-BCEF67447E45}.Debug|x86.ActiveCfg = Debug|Any CPU
		{AEE0F574-FD2A-4D48-BF14-BCEF67447E45}.Debug|x86.Build.0 = Debug|Any CPU
		{AEE0F574-FD2A-4D48-BF14-BCEF67447E45}.Debug|x86.Deploy.0 = Debug|Any CPU
		{AEE0F574-FD2A-4D48-BF14-BCEF67447E45}.Release|Any CPU.ActiveCfg = Release|Any CPU
		{AEE0F574-FD2A-4D48-BF14-BCEF67447E45}.Release|Any CPU.Build.0 = Release|Any CPU
		{AEE0F574-FD2A-4D48-BF14-BCEF67447E45}.Release|Any CPU.Deploy.0 = Release|Any CPU
		{AEE0F574-FD2A-4D48-BF14-BCEF67447E45}.Release|ARM.ActiveCfg = Release|Any CPU
		{AEE0F574-FD2A-4D48-BF14-BCEF67447E45}.Release|ARM.Build.0 = Release|Any CPU
		{AEE0F574-FD2A-4D48-BF14-BCEF67447E45}.Release|ARM.Deploy.0 = Release|Any CPU
		{AEE0F574-FD2A-4D48-BF14-BCEF67447E45}.Release|iPhone.ActiveCfg = Release|Any CPU
		{AEE0F574-FD2A-4D48-BF14-BCEF67447E45}.Release|iPhone.Build.0 = Release|Any CPU
		{AEE0F574-FD2A-4D48-BF14-BCEF67447E45}.Release|iPhone.Deploy.0 = Release|Any CPU
		{AEE0F574-FD2A-4D48-BF14-BCEF67447E45}.Release|iPhoneSimulator.ActiveCfg = Release|Any CPU
		{AEE0F574-FD2A-4D48-BF14-BCEF67447E45}.Release|iPhoneSimulator.Build.0 = Release|Any CPU
		{AEE0F574-FD2A-4D48-BF14-BCEF67447E45}.Release|iPhoneSimulator.Deploy.0 = Release|Any CPU
		{AEE0F574-FD2A-4D48-BF14-BCEF67447E45}.Release|x64.ActiveCfg = Release|Any CPU
		{AEE0F574-FD2A-4D48-BF14-BCEF67447E45}.Release|x64.Build.0 = Release|Any CPU
		{AEE0F574-FD2A-4D48-BF14-BCEF67447E45}.Release|x64.Deploy.0 = Release|Any CPU
		{AEE0F574-FD2A-4D48-BF14-BCEF67447E45}.Release|x86.ActiveCfg = Release|Any CPU
		{AEE0F574-FD2A-4D48-BF14-BCEF67447E45}.Release|x86.Build.0 = Release|Any CPU
		{AEE0F574-FD2A-4D48-BF14-BCEF67447E45}.Release|x86.Deploy.0 = Release|Any CPU
	EndGlobalSection
	GlobalSection(SolutionProperties) = preSolution
		HideSolutionNode = FALSE
	EndGlobalSection
	GlobalSection(NestedProjects) = preSolution
		{50192D32-9EB1-418D-842E-72F5EB1CE7F1} = {3A6AD035-811A-4144-8E00-F19B7964A953}
		{27F5678E-2719-48FA-A802-A3B3612629EE} = {3A6AD035-811A-4144-8E00-F19B7964A953}
		{F2053705-7445-436F-87C7-8E98A6DCD906} = {3A6AD035-811A-4144-8E00-F19B7964A953}
		{222F5BAF-9DDD-4041-94C3-4F32C05F258B} = {250E936A-5BDA-49A1-BA16-89D88FBB3CF3}
		{3A6AD035-811A-4144-8E00-F19B7964A953} = {250E936A-5BDA-49A1-BA16-89D88FBB3CF3}
		{4D4953C9-1CB7-4196-8592-735AB0B93FE1} = {A7E8D2A6-7371-4B14-81E5-BE0FFBA3535B}
		{FAA72F26-05BA-4C6F-9A2E-23CAF6541FD0} = {6D7F2A34-F058-408F-8C43-D06B95A3098B}
		{706D38AF-59EC-4383-8E09-8529CBF337D8} = {34D020E1-BDA1-4BBA-B375-A21DA6135BC0}
		{4C2067F4-752A-4ED6-A586-4FDBE28B3D27} = {34D020E1-BDA1-4BBA-B375-A21DA6135BC0}
		{2C3F3409-2E77-481E-8523-DB7FDD76F3AC} = {34D020E1-BDA1-4BBA-B375-A21DA6135BC0}
		{FFDAC009-7660-4C2D-AAB8-82D667D5BB5A} = {190B4B7D-C017-40CE-9F74-9792C75E6B7C}
		{8AB5D435-3823-42BD-BAB7-D24A3CE409BF} = {CE7A04A3-E639-4DD7-9F93-6D62235D3C2C}
		{5CB7652E-FD01-4A40-BF5C-4E4BFF966208} = {8AB5D435-3823-42BD-BAB7-D24A3CE409BF}
		{C97EEE73-C434-48E2-A24B-A9644163603B} = {8AB5D435-3823-42BD-BAB7-D24A3CE409BF}
		{A8580CCC-29CA-4203-9F05-90FC9C75B4A1} = {8AB5D435-3823-42BD-BAB7-D24A3CE409BF}
		{B9C33D50-13BC-4FF2-8F16-AB3A702B32B8} = {CE7A04A3-E639-4DD7-9F93-6D62235D3C2C}
		{63AC4A09-1C31-4B33-9A5A-7DEBBA89D54C} = {B9C33D50-13BC-4FF2-8F16-AB3A702B32B8}
		{AEE0F574-FD2A-4D48-BF14-BCEF67447E45} = {63AC4A09-1C31-4B33-9A5A-7DEBBA89D54C}
	EndGlobalSection
	GlobalSection(ExtensibilityGlobals) = postSolution
		SolutionGuid = {B64C4837-0C3C-4785-8D1B-B0FE5873F89D}
	EndGlobalSection
	GlobalSection(SharedMSBuildProjectFiles) = preSolution
		Core\Core.Lib\Core.Lib.projitems*{222f5baf-9ddd-4041-94c3-4f32c05f258b}*SharedItemsImports = 5
		Core\Core.MVVM\Core.MVVM.projitems*{222f5baf-9ddd-4041-94c3-4f32c05f258b}*SharedItemsImports = 5
		Core\SharedAPIModel\SharedAPIModel.projitems*{222f5baf-9ddd-4041-94c3-4f32c05f258b}*SharedItemsImports = 5
		Core\Core.Lib\Core.Lib.projitems*{2c3f3409-2e77-481e-8523-db7fdd76f3ac}*SharedItemsImports = 13
		Core\Core.MVVM\Core.MVVM.projitems*{4c2067f4-752a-4ed6-a586-4fdbe28b3d27}*SharedItemsImports = 13
		Core\Core.Lib\Core.Lib.projitems*{4d4953c9-1cb7-4196-8592-735ab0b93fe1}*SharedItemsImports = 5
		Core\Core.MVVM\Core.MVVM.projitems*{4d4953c9-1cb7-4196-8592-735ab0b93fe1}*SharedItemsImports = 5
		Core\SharedAPIModel\SharedAPIModel.projitems*{4d4953c9-1cb7-4196-8592-735ab0b93fe1}*SharedItemsImports = 5
		Core\SharedAPIModel\SharedAPIModel.projitems*{706d38af-59ec-4383-8e09-8529cbf337d8}*SharedItemsImports = 13
		Core\SharedAPIModel\SharedAPIModel.projitems*{faa72f26-05ba-4c6f-9a2e-23caf6541fd0}*SharedItemsImports = 5
		Core\Core.Lib\Core.Lib.projitems*{ffdac009-7660-4c2d-aab8-82d667d5bb5a}*SharedItemsImports = 5
		Core\Core.MVVM\Core.MVVM.projitems*{ffdac009-7660-4c2d-aab8-82d667d5bb5a}*SharedItemsImports = 5
		Core\SharedAPIModel\SharedAPIModel.projitems*{ffdac009-7660-4c2d-aab8-82d667d5bb5a}*SharedItemsImports = 5
	EndGlobalSection
EndGlobal
