
Microsoft Visual Studio Solution File, Format Version 12.00
# Visual Studio Version 18
VisualStudioVersion = 18.0.11010.61 d18.0
MinimumVisualStudioVersion = 10.0.40219.1
Project("{2150E333-8FDC-42A3-9474-1A3956D46DE8}") = "Blazor", "Blazor", "{A7E8D2A6-7371-4B14-81E5-BE0FFBA3535B}"
EndProject
Project("{9A19103F-16F7-4668-BE54-9A1E7A4F7556}") = "BlazorApp", "BlazorApp\BlazorApp.csproj", "{4D4953C9-1CB7-4196-8592-735AB0B93FE1}"
EndProject
Project("{2150E333-8FDC-42A3-9474-1A3956D46DE8}") = "Core", "Core", "{34D020E1-BDA1-4BBA-B375-A21DA6135BC0}"
EndProject
Project("{9A19103F-16F7-4668-BE54-9A1E7A4F7556}") = "WebAPI", "WebAPI\WebAPI.csproj", "{FAA72F26-05BA-4C6F-9A2E-23CAF6541FD0}"
EndProject
Project("{2150E333-8FDC-42A3-9474-1A3956D46DE8}") = "APIs", "APIs", "{6D7F2A34-F058-408F-8C43-D06B95A3098B}"
EndProject
Project("{D954291E-2A0B-460D-934E-DC6B0785DB48}") = "SharedAPIModel", "Core\SharedAPIModel\SharedAPIModel.shproj", "{706D38AF-59EC-4383-8E09-8529CBF337D8}"
EndProject
Project("{D954291E-2A0B-460D-934E-DC6B0785DB48}") = "Core.MVVM", "Core\Core.MVVM\Core.MVVM.shproj", "{4C2067F4-752A-4ED6-A586-4FDBE28B3D27}"
EndProject
Project("{D954291E-2A0B-460D-934E-DC6B0785DB48}") = "Core.Lib", "Core\Core.Lib\Core.Lib.shproj", "{2C3F3409-2E77-481E-8523-DB7FDD76F3AC}"
EndProject
Project("{2150E333-8FDC-42A3-9474-1A3956D46DE8}") = "WinForms", "WinForms", "{190B4B7D-C017-40CE-9F74-9792C75E6B7C}"
EndProject
Project("{FAE04EC0-301F-11D3-BF4B-00C04F79EFBC}") = "WinFormsApp", "WinFormsApp\WinFormsApp.csproj", "{FFDAC009-7660-4C2D-AAB8-82D667D5BB5A}"
EndProject
Project("{2150E333-8FDC-42A3-9474-1A3956D46DE8}") = "MAUI", "MAUI", "{29187821-080A-435E-B8BF-33D6270DC3B3}"
EndProject
Project("{FAE04EC0-301F-11D3-BF4B-00C04F79EFBC}") = "MAUIApp", "MAUIApp\MAUIApp.csproj", "{F498626A-ED2D-497F-8534-D3C853EEF51D}"
EndProject
Global
	GlobalSection(SolutionConfigurationPlatforms) = preSolution
		Debug|Any CPU = Debug|Any CPU
		Debug|ARM = Debug|ARM
		Debug|iPhone = Debug|iPhone
		Debug|iPhoneSimulator = Debug|iPhoneSimulator
		Debug|x64 = Debug|x64
		Debug|x86 = Debug|x86
		Release|Any CPU = Release|Any CPU
		Release|ARM = Release|ARM
		Release|iPhone = Release|iPhone
		Release|iPhoneSimulator = Release|iPhoneSimulator
		Release|x64 = Release|x64
		Release|x86 = Release|x86
	EndGlobalSection
	GlobalSection(ProjectConfigurationPlatforms) = postSolution
		{4D4953C9-1CB7-4196-8592-735AB0B93FE1}.Debug|Any CPU.ActiveCfg = Debug|Any CPU
		{4D4953C9-1CB7-4196-8592-735AB0B93FE1}.Debug|Any CPU.Build.0 = Debug|Any CPU
		{4D4953C9-1CB7-4196-8592-735AB0B93FE1}.Debug|ARM.ActiveCfg = Debug|Any CPU
		{4D4953C9-1CB7-4196-8592-735AB0B93FE1}.Debug|ARM.Build.0 = Debug|Any CPU
		{4D4953C9-1CB7-4196-8592-735AB0B93FE1}.Debug|iPhone.ActiveCfg = Debug|Any CPU
		{4D4953C9-1CB7-4196-8592-735AB0B93FE1}.Debug|iPhone.Build.0 = Debug|Any CPU
		{4D4953C9-1CB7-4196-8592-735AB0B93FE1}.Debug|iPhoneSimulator.ActiveCfg = Debug|Any CPU
		{4D4953C9-1CB7-4196-8592-735AB0B93FE1}.Debug|iPhoneSimulator.Build.0 = Debug|Any CPU
		{4D4953C9-1CB7-4196-8592-735AB0B93FE1}.Debug|x64.ActiveCfg = Debug|Any CPU
		{4D4953C9-1CB7-4196-8592-735AB0B93FE1}.Debug|x64.Build.0 = Debug|Any CPU
		{4D4953C9-1CB7-4196-8592-735AB0B93FE1}.Debug|x86.ActiveCfg = Debug|Any CPU
		{4D4953C9-1CB7-4196-8592-735AB0B93FE1}.Debug|x86.Build.0 = Debug|Any CPU
		{4D4953C9-1CB7-4196-8592-735AB0B93FE1}.Release|Any CPU.ActiveCfg = Release|Any CPU
		{4D4953C9-1CB7-4196-8592-735AB0B93FE1}.Release|Any CPU.Build.0 = Release|Any CPU
		{4D4953C9-1CB7-4196-8592-735AB0B93FE1}.Release|ARM.ActiveCfg = Release|Any CPU
		{4D4953C9-1CB7-4196-8592-735AB0B93FE1}.Release|ARM.Build.0 = Release|Any CPU
		{4D4953C9-1CB7-4196-8592-735AB0B93FE1}.Release|iPhone.ActiveCfg = Release|Any CPU
		{4D4953C9-1CB7-4196-8592-735AB0B93FE1}.Release|iPhone.Build.0 = Release|Any CPU
		{4D4953C9-1CB7-4196-8592-735AB0B93FE1}.Release|iPhoneSimulator.ActiveCfg = Release|Any CPU
		{4D4953C9-1CB7-4196-8592-735AB0B93FE1}.Release|iPhoneSimulator.Build.0 = Release|Any CPU
		{4D4953C9-1CB7-4196-8592-735AB0B93FE1}.Release|x64.ActiveCfg = Release|Any CPU
		{4D4953C9-1CB7-4196-8592-735AB0B93FE1}.Release|x64.Build.0 = Release|Any CPU
		{4D4953C9-1CB7-4196-8592-735AB0B93FE1}.Release|x86.ActiveCfg = Release|Any CPU
		{4D4953C9-1CB7-4196-8592-735AB0B93FE1}.Release|x86.Build.0 = Release|Any CPU
		{FAA72F26-05BA-4C6F-9A2E-23CAF6541FD0}.Debug|Any CPU.ActiveCfg = Debug|Any CPU
		{FAA72F26-05BA-4C6F-9A2E-23CAF6541FD0}.Debug|Any CPU.Build.0 = Debug|Any CPU
		{FAA72F26-05BA-4C6F-9A2E-23CAF6541FD0}.Debug|ARM.ActiveCfg = Debug|Any CPU
		{FAA72F26-05BA-4C6F-9A2E-23CAF6541FD0}.Debug|ARM.Build.0 = Debug|Any CPU
		{FAA72F26-05BA-4C6F-9A2E-23CAF6541FD0}.Debug|iPhone.ActiveCfg = Debug|Any CPU
		{FAA72F26-05BA-4C6F-9A2E-23CAF6541FD0}.Debug|iPhone.Build.0 = Debug|Any CPU
		{FAA72F26-05BA-4C6F-9A2E-23CAF6541FD0}.Debug|iPhoneSimulator.ActiveCfg = Debug|Any CPU
		{FAA72F26-05BA-4C6F-9A2E-23CAF6541FD0}.Debug|iPhoneSimulator.Build.0 = Debug|Any CPU
		{FAA72F26-05BA-4C6F-9A2E-23CAF6541FD0}.Debug|x64.ActiveCfg = Debug|Any CPU
		{FAA72F26-05BA-4C6F-9A2E-23CAF6541FD0}.Debug|x64.Build.0 = Debug|Any CPU
		{FAA72F26-05BA-4C6F-9A2E-23CAF6541FD0}.Debug|x86.ActiveCfg = Debug|Any CPU
		{FAA72F26-05BA-4C6F-9A2E-23CAF6541FD0}.Debug|x86.Build.0 = Debug|Any CPU
		{FAA72F26-05BA-4C6F-9A2E-23CAF6541FD0}.Release|Any CPU.ActiveCfg = Release|Any CPU
		{FAA72F26-05BA-4C6F-9A2E-23CAF6541FD0}.Release|Any CPU.Build.0 = Release|Any CPU
		{FAA72F26-05BA-4C6F-9A2E-23CAF6541FD0}.Release|ARM.ActiveCfg = Release|Any CPU
		{FAA72F26-05BA-4C6F-9A2E-23CAF6541FD0}.Release|ARM.Build.0 = Release|Any CPU
		{FAA72F26-05BA-4C6F-9A2E-23CAF6541FD0}.Release|iPhone.ActiveCfg = Release|Any CPU
		{FAA72F26-05BA-4C6F-9A2E-23CAF6541FD0}.Release|iPhone.Build.0 = Release|Any CPU
		{FAA72F26-05BA-4C6F-9A2E-23CAF6541FD0}.Release|iPhoneSimulator.ActiveCfg = Release|Any CPU
		{FAA72F26-05BA-4C6F-9A2E-23CAF6541FD0}.Release|iPhoneSimulator.Build.0 = Release|Any CPU
		{FAA72F26-05BA-4C6F-9A2E-23CAF6541FD0}.Release|x64.ActiveCfg = Release|Any CPU
		{FAA72F26-05BA-4C6F-9A2E-23CAF6541FD0}.Release|x64.Build.0 = Release|Any CPU
		{FAA72F26-05BA-4C6F-9A2E-23CAF6541FD0}.Release|x86.ActiveCfg = Release|Any CPU
		{FAA72F26-05BA-4C6F-9A2E-23CAF6541FD0}.Release|x86.Build.0 = Release|Any CPU
		{FFDAC009-7660-4C2D-AAB8-82D667D5BB5A}.Debug|Any CPU.ActiveCfg = Debug|Any CPU
		{FFDAC009-7660-4C2D-AAB8-82D667D5BB5A}.Debug|Any CPU.Build.0 = Debug|Any CPU
		{FFDAC009-7660-4C2D-AAB8-82D667D5BB5A}.Debug|ARM.ActiveCfg = Debug|Any CPU
		{FFDAC009-7660-4C2D-AAB8-82D667D5BB5A}.Debug|ARM.Build.0 = Debug|Any CPU
		{FFDAC009-7660-4C2D-AAB8-82D667D5BB5A}.Debug|iPhone.ActiveCfg = Debug|Any CPU
		{FFDAC009-7660-4C2D-AAB8-82D667D5BB5A}.Debug|iPhone.Build.0 = Debug|Any CPU
		{FFDAC009-7660-4C2D-AAB8-82D667D5BB5A}.Debug|iPhoneSimulator.ActiveCfg = Debug|Any CPU
		{FFDAC009-7660-4C2D-AAB8-82D667D5BB5A}.Debug|iPhoneSimulator.Build.0 = Debug|Any CPU
		{FFDAC009-7660-4C2D-AAB8-82D667D5BB5A}.Debug|x64.ActiveCfg = Debug|Any CPU
		{FFDAC009-7660-4C2D-AAB8-82D667D5BB5A}.Debug|x64.Build.0 = Debug|Any CPU
		{FFDAC009-7660-4C2D-AAB8-82D667D5BB5A}.Debug|x86.ActiveCfg = Debug|Any CPU
		{FFDAC009-7660-4C2D-AAB8-82D667D5BB5A}.Debug|x86.Build.0 = Debug|Any CPU
		{FFDAC009-7660-4C2D-AAB8-82D667D5BB5A}.Release|Any CPU.ActiveCfg = Release|Any CPU
		{FFDAC009-7660-4C2D-AAB8-82D667D5BB5A}.Release|Any CPU.Build.0 = Release|Any CPU
		{FFDAC009-7660-4C2D-AAB8-82D667D5BB5A}.Release|ARM.ActiveCfg = Release|Any CPU
		{FFDAC009-7660-4C2D-AAB8-82D667D5BB5A}.Release|ARM.Build.0 = Release|Any CPU
		{FFDAC009-7660-4C2D-AAB8-82D667D5BB5A}.Release|iPhone.ActiveCfg = Release|Any CPU
		{FFDAC009-7660-4C2D-AAB8-82D667D5BB5A}.Release|iPhone.Build.0 = Release|Any CPU
		{FFDAC009-7660-4C2D-AAB8-82D667D5BB5A}.Release|iPhoneSimulator.ActiveCfg = Release|Any CPU
		{FFDAC009-7660-4C2D-AAB8-82D667D5BB5A}.Release|iPhoneSimulator.Build.0 = Release|Any CPU
		{FFDAC009-7660-4C2D-AAB8-82D667D5BB5A}.Release|x64.ActiveCfg = Release|Any CPU
		{FFDAC009-7660-4C2D-AAB8-82D667D5BB5A}.Release|x64.Build.0 = Release|Any CPU
		{FFDAC009-7660-4C2D-AAB8-82D667D5BB5A}.Release|x86.ActiveCfg = Release|Any CPU
		{FFDAC009-7660-4C2D-AAB8-82D667D5BB5A}.Release|x86.Build.0 = Release|Any CPU
		{F498626A-ED2D-497F-8534-D3C853EEF51D}.Debug|Any CPU.ActiveCfg = Debug|Any CPU
		{F498626A-ED2D-497F-8534-D3C853EEF51D}.Debug|Any CPU.Build.0 = Debug|Any CPU
		{F498626A-ED2D-497F-8534-D3C853EEF51D}.Debug|ARM.ActiveCfg = Debug|Any CPU
		{F498626A-ED2D-497F-8534-D3C853EEF51D}.Debug|ARM.Build.0 = Debug|Any CPU
		{F498626A-ED2D-497F-8534-D3C853EEF51D}.Debug|iPhone.ActiveCfg = Debug|Any CPU
		{F498626A-ED2D-497F-8534-D3C853EEF51D}.Debug|iPhone.Build.0 = Debug|Any CPU
		{F498626A-ED2D-497F-8534-D3C853EEF51D}.Debug|iPhoneSimulator.ActiveCfg = Debug|Any CPU
		{F498626A-ED2D-497F-8534-D3C853EEF51D}.Debug|iPhoneSimulator.Build.0 = Debug|Any CPU
		{F498626A-ED2D-497F-8534-D3C853EEF51D}.Debug|x64.ActiveCfg = Debug|Any CPU
		{F498626A-ED2D-497F-8534-D3C853EEF51D}.Debug|x64.Build.0 = Debug|Any CPU
		{F498626A-ED2D-497F-8534-D3C853EEF51D}.Debug|x86.ActiveCfg = Debug|Any CPU
		{F498626A-ED2D-497F-8534-D3C853EEF51D}.Debug|x86.Build.0 = Debug|Any CPU
		{F498626A-ED2D-497F-8534-D3C853EEF51D}.Release|Any CPU.ActiveCfg = Release|Any CPU
		{F498626A-ED2D-497F-8534-D3C853EEF51D}.Release|Any CPU.Build.0 = Release|Any CPU
		{F498626A-ED2D-497F-8534-D3C853EEF51D}.Release|ARM.ActiveCfg = Release|Any CPU
		{F498626A-ED2D-497F-8534-D3C853EEF51D}.Release|ARM.Build.0 = Release|Any CPU
		{F498626A-ED2D-497F-8534-D3C853EEF51D}.Release|iPhone.ActiveCfg = Release|Any CPU
		{F498626A-ED2D-497F-8534-D3C853EEF51D}.Release|iPhone.Build.0 = Release|Any CPU
		{F498626A-ED2D-497F-8534-D3C853EEF51D}.Release|iPhoneSimulator.ActiveCfg = Release|Any CPU
		{F498626A-ED2D-497F-8534-D3C853EEF51D}.Release|iPhoneSimulator.Build.0 = Release|Any CPU
		{F498626A-ED2D-497F-8534-D3C853EEF51D}.Release|x64.ActiveCfg = Release|Any CPU
		{F498626A-ED2D-497F-8534-D3C853EEF51D}.Release|x64.Build.0 = Release|Any CPU
		{F498626A-ED2D-497F-8534-D3C853EEF51D}.Release|x86.ActiveCfg = Release|Any CPU
		{F498626A-ED2D-497F-8534-D3C853EEF51D}.Release|x86.Build.0 = Release|Any CPU
	EndGlobalSection
	GlobalSection(SolutionProperties) = preSolution
		HideSolutionNode = FALSE
	EndGlobalSection
	GlobalSection(NestedProjects) = preSolution
		{4D4953C9-1CB7-4196-8592-735AB0B93FE1} = {A7E8D2A6-7371-4B14-81E5-BE0FFBA3535B}
		{FAA72F26-05BA-4C6F-9A2E-23CAF6541FD0} = {6D7F2A34-F058-408F-8C43-D06B95A3098B}
		{706D38AF-59EC-4383-8E09-8529CBF337D8} = {34D020E1-BDA1-4BBA-B375-A21DA6135BC0}
		{4C2067F4-752A-4ED6-A586-4FDBE28B3D27} = {34D020E1-BDA1-4BBA-B375-A21DA6135BC0}
		{2C3F3409-2E77-481E-8523-DB7FDD76F3AC} = {34D020E1-BDA1-4BBA-B375-A21DA6135BC0}
		{FFDAC009-7660-4C2D-AAB8-82D667D5BB5A} = {190B4B7D-C017-40CE-9F74-9792C75E6B7C}
		{F498626A-ED2D-497F-8534-D3C853EEF51D} = {29187821-080A-435E-B8BF-33D6270DC3B3}
	EndGlobalSection
	GlobalSection(ExtensibilityGlobals) = postSolution
		SolutionGuid = {B64C4837-0C3C-4785-8D1B-B0FE5873F89D}
	EndGlobalSection
	GlobalSection(SharedMSBuildProjectFiles) = preSolution
		Core\Core.Lib\Core.Lib.projitems*{2c3f3409-2e77-481e-8523-db7fdd76f3ac}*SharedItemsImports = 13
		Core\Core.MVVM\Core.MVVM.projitems*{4c2067f4-752a-4ed6-a586-4fdbe28b3d27}*SharedItemsImports = 13
		Core\Core.Lib\Core.Lib.projitems*{4d4953c9-1cb7-4196-8592-735ab0b93fe1}*SharedItemsImports = 5
		Core\Core.MVVM\Core.MVVM.projitems*{4d4953c9-1cb7-4196-8592-735ab0b93fe1}*SharedItemsImports = 5
		Core\SharedAPIModel\SharedAPIModel.projitems*{4d4953c9-1cb7-4196-8592-735ab0b93fe1}*SharedItemsImports = 5
		Core\SharedAPIModel\SharedAPIModel.projitems*{706d38af-59ec-4383-8e09-8529cbf337d8}*SharedItemsImports = 13
		Core\Core.Lib\Core.Lib.projitems*{f498626a-ed2d-497f-8534-d3c853eef51d}*SharedItemsImports = 5
		Core\Core.MVVM\Core.MVVM.projitems*{f498626a-ed2d-497f-8534-d3c853eef51d}*SharedItemsImports = 5
		Core\SharedAPIModel\SharedAPIModel.projitems*{f498626a-ed2d-497f-8534-d3c853eef51d}*SharedItemsImports = 5
		Core\SharedAPIModel\SharedAPIModel.projitems*{faa72f26-05ba-4c6f-9a2e-23caf6541fd0}*SharedItemsImports = 5
		Core\Core.Lib\Core.Lib.projitems*{ffdac009-7660-4c2d-aab8-82d667d5bb5a}*SharedItemsImports = 5
		Core\Core.MVVM\Core.MVVM.projitems*{ffdac009-7660-4c2d-aab8-82d667d5bb5a}*SharedItemsImports = 5
		Core\SharedAPIModel\SharedAPIModel.projitems*{ffdac009-7660-4c2d-aab8-82d667d5bb5a}*SharedItemsImports = 5
	EndGlobalSection
EndGlobal
